
Microsoft Visual Studio Solution File, Format Version 12.00
# Visual Studio Version 16
VisualStudioVersion = 16.0.31105.61
MinimumVisualStudioVersion = 10.0.40219.1
Project("{FAE04EC0-301F-11D3-BF4B-00C04F79EFBC}") = "SimbirSoftPractice", "SimbirSoftPractice.csproj", "{1F54D208-674B-4337-8E18-D5164B82DFAB}"
EndProject
Global
	GlobalSection(SolutionConfigurationPlatforms) = preSolution
		Debug|Any CPU = Debug|Any CPU
		Release|Any CPU = Release|Any CPU
	EndGlobalSection
	GlobalSection(ProjectConfigurationPlatforms) = postSolution
		{1F54D208-674B-4337-8E18-D5164B82DFAB}.Debug|Any CPU.ActiveCfg = Debug|Any CPU
		{1F54D208-674B-4337-8E18-D5164B82DFAB}.Debug|Any CPU.Build.0 = Debug|Any CPU
		{1F54D208-674B-4337-8E18-D5164B82DFAB}.Release|Any CPU.ActiveCfg = Release|Any CPU
		{1F54D208-674B-4337-8E18-D5164B82DFAB}.Release|Any CPU.Build.0 = Release|Any CPU
	EndGlobalSection
	GlobalSection(SolutionProperties) = preSolution
		HideSolutionNode = FALSE
	EndGlobalSection
	GlobalSection(ExtensibilityGlobals) = postSolution
		SolutionGuid = {993A4B5D-AF28-48EE-995C-CDB2C0EA9716}
	EndGlobalSection
EndGlobal
