
Microsoft Visual Studio Solution File, Format Version 12.00
# Visual Studio Version 16
VisualStudioVersion = 16.0.31105.61
MinimumVisualStudioVersion = 10.0.40219.1
Project("{9A19103F-16F7-4668-BE54-9A1E7A4F7556}") = "WebApplication.Library", "WebApplication.Library.csproj", "{23BE4450-0CC5-49A0-A7F4-6A344F8EDEDD}"
EndProject
Global
	GlobalSection(SolutionConfigurationPlatforms) = preSolution
		Debug|Any CPU = Debug|Any CPU
		Release|Any CPU = Release|Any CPU
	EndGlobalSection
	GlobalSection(ProjectConfigurationPlatforms) = postSolution
		{23BE4450-0CC5-49A0-A7F4-6A344F8EDEDD}.Debug|Any CPU.ActiveCfg = Debug|Any CPU
		{23BE4450-0CC5-49A0-A7F4-6A344F8EDEDD}.Debug|Any CPU.Build.0 = Debug|Any CPU
		{23BE4450-0CC5-49A0-A7F4-6A344F8EDEDD}.Release|Any CPU.ActiveCfg = Release|Any CPU
		{23BE4450-0CC5-49A0-A7F4-6A344F8EDEDD}.Release|Any CPU.Build.0 = Release|Any CPU
	EndGlobalSection
	GlobalSection(SolutionProperties) = preSolution
		HideSolutionNode = FALSE
	EndGlobalSection
	GlobalSection(ExtensibilityGlobals) = postSolution
		SolutionGuid = {660B9149-813E-4CDE-A125-31B4C30D1DE4}
	EndGlobalSection
EndGlobal
